{
	"name": "@watchedcom/schema",
	"version": "0.16.4",
	"lockfileVersion": 1,
	"requires": true,
	"dependencies": {
		"@types/jest": {
			"version": "25.1.3",
			"resolved": "https://registry.npmjs.org/@types/jest/-/jest-25.1.3.tgz",
			"integrity": "sha512-jqargqzyJWgWAJCXX96LBGR/Ei7wQcZBvRv0PLEu9ZByMfcs23keUJrKv9FMR6YZf9YCbfqDqgmY+JUBsnqhrg==",
			"dev": true,
			"requires": {
				"jest-diff": "^25.1.0",
				"pretty-format": "^25.1.0"
			},
			"dependencies": {
				"@jest/types": {
					"version": "25.1.0",
					"resolved": "https://registry.npmjs.org/@jest/types/-/types-25.1.0.tgz",
					"integrity": "sha512-VpOtt7tCrgvamWZh1reVsGADujKigBUFTi19mlRjqEGsE8qH4r3s+skY33dNdXOwyZIvuftZ5tqdF1IgsMejMA==",
					"dev": true,
					"requires": {
						"@types/istanbul-lib-coverage": "^2.0.0",
						"@types/istanbul-reports": "^1.1.1",
						"@types/yargs": "^15.0.0",
						"chalk": "^3.0.0"
					}
				},
				"@types/color-name": {
					"version": "1.1.1",
					"resolved": "https://registry.npmjs.org/@types/color-name/-/color-name-1.1.1.tgz",
					"integrity": "sha512-rr+OQyAjxze7GgWrSaJwydHStIhHq2lvY3BOC2Mj7KnzI7XK0Uw1TOOdI9lDoajEbSWLiYgoo4f1R51erQfhPQ==",
					"dev": true
				},
				"@types/istanbul-lib-coverage": {
					"version": "2.0.1",
					"resolved": "https://registry.npmjs.org/@types/istanbul-lib-coverage/-/istanbul-lib-coverage-2.0.1.tgz",
					"integrity": "sha512-hRJD2ahnnpLgsj6KWMYSrmXkM3rm2Dl1qkx6IOFD5FnuNPXJIG5L0dhgKXCYTRMGzU4n0wImQ/xfmRc4POUFlg==",
					"dev": true
				},
				"@types/istanbul-lib-report": {
					"version": "3.0.0",
					"resolved": "https://registry.npmjs.org/@types/istanbul-lib-report/-/istanbul-lib-report-3.0.0.tgz",
					"integrity": "sha512-plGgXAPfVKFoYfa9NpYDAkseG+g6Jr294RqeqcqDixSbU34MZVJRi/P+7Y8GDpzkEwLaGZZOpKIEmeVZNtKsrg==",
					"dev": true,
					"requires": {
						"@types/istanbul-lib-coverage": "*"
					}
				},
				"@types/istanbul-reports": {
					"version": "1.1.1",
					"resolved": "https://registry.npmjs.org/@types/istanbul-reports/-/istanbul-reports-1.1.1.tgz",
					"integrity": "sha512-UpYjBi8xefVChsCoBpKShdxTllC9pwISirfoZsUa2AAdQg/Jd2KQGtSbw+ya7GPo7x/wAPlH6JBhKhAsXUEZNA==",
					"dev": true,
					"requires": {
						"@types/istanbul-lib-coverage": "*",
						"@types/istanbul-lib-report": "*"
					}
				},
				"@types/yargs": {
					"version": "15.0.4",
					"resolved": "https://registry.npmjs.org/@types/yargs/-/yargs-15.0.4.tgz",
					"integrity": "sha512-9T1auFmbPZoxHz0enUFlUuKRy3it01R+hlggyVUMtnCTQRunsQYifnSGb8hET4Xo8yiC0o0r1paW3ud5+rbURg==",
					"dev": true,
					"requires": {
						"@types/yargs-parser": "*"
					}
				},
				"@types/yargs-parser": {
					"version": "15.0.0",
					"resolved": "https://registry.npmjs.org/@types/yargs-parser/-/yargs-parser-15.0.0.tgz",
					"integrity": "sha512-FA/BWv8t8ZWJ+gEOnLLd8ygxH/2UFbAvgEonyfN6yWGLKc7zVjbpl2Y4CTjid9h2RfgPP6SEt6uHwEOply00yw==",
					"dev": true
				},
				"ansi-regex": {
					"version": "5.0.0",
					"resolved": "https://registry.npmjs.org/ansi-regex/-/ansi-regex-5.0.0.tgz",
					"integrity": "sha512-bY6fj56OUQ0hU1KjFNDQuJFezqKdrAyFdIevADiqrWHwSlbmBNMHp5ak2f40Pm8JTFyM2mqxkG6ngkHO11f/lg==",
					"dev": true
				},
				"ansi-styles": {
					"version": "4.2.1",
					"resolved": "https://registry.npmjs.org/ansi-styles/-/ansi-styles-4.2.1.tgz",
					"integrity": "sha512-9VGjrMsG1vePxcSweQsN20KY/c4zN0h9fLjqAbwbPfahM3t+NL+M9HC8xeXG2I8pX5NoamTGNuomEUFI7fcUjA==",
					"dev": true,
					"requires": {
						"@types/color-name": "^1.1.1",
						"color-convert": "^2.0.1"
					}
				},
				"chalk": {
					"version": "3.0.0",
					"resolved": "https://registry.npmjs.org/chalk/-/chalk-3.0.0.tgz",
					"integrity": "sha512-4D3B6Wf41KOYRFdszmDqMCGq5VV/uMAB273JILmO+3jAlh8X4qDtdtgCR3fxtbLEMzSx22QdhnDcJvu2u1fVwg==",
					"dev": true,
					"requires": {
						"ansi-styles": "^4.1.0",
						"supports-color": "^7.1.0"
					}
				},
				"color-convert": {
					"version": "2.0.1",
					"resolved": "https://registry.npmjs.org/color-convert/-/color-convert-2.0.1.tgz",
					"integrity": "sha512-RRECPsj7iu/xb5oKYcsFHSppFNnsj/52OVTRKb4zP5onXwVF3zVmmToNcOfGC+CRDpfK/U584fMg38ZHCaElKQ==",
					"dev": true,
					"requires": {
						"color-name": "~1.1.4"
					}
				},
				"color-name": {
					"version": "1.1.4",
					"resolved": "https://registry.npmjs.org/color-name/-/color-name-1.1.4.tgz",
					"integrity": "sha512-dOy+3AuW3a2wNbZHIuMZpTcgjGuLU/uBL/ubcZF9OXbDo8ff4O8yVp5Bf0efS8uEoYo5q4Fx7dY9OgQGXgAsQA==",
					"dev": true
				},
				"diff-sequences": {
					"version": "25.1.0",
					"resolved": "https://registry.npmjs.org/diff-sequences/-/diff-sequences-25.1.0.tgz",
					"integrity": "sha512-nFIfVk5B/NStCsJ+zaPO4vYuLjlzQ6uFvPxzYyHlejNZ/UGa7G/n7peOXVrVNvRuyfstt+mZQYGpjxg9Z6N8Kw==",
					"dev": true
				},
				"has-flag": {
					"version": "4.0.0",
					"resolved": "https://registry.npmjs.org/has-flag/-/has-flag-4.0.0.tgz",
					"integrity": "sha512-EykJT/Q1KjTWctppgIAgfSO0tKVuZUjhgMr17kqTumMl6Afv3EISleU7qZUzoXDFTAHTDC4NOoG/ZxU3EvlMPQ==",
					"dev": true
				},
				"jest-diff": {
					"version": "25.1.0",
					"resolved": "https://registry.npmjs.org/jest-diff/-/jest-diff-25.1.0.tgz",
					"integrity": "sha512-nepXgajT+h017APJTreSieh4zCqnSHEJ1iT8HDlewu630lSJ4Kjjr9KNzm+kzGwwcpsDE6Snx1GJGzzsefaEHw==",
					"dev": true,
					"requires": {
						"chalk": "^3.0.0",
						"diff-sequences": "^25.1.0",
						"jest-get-type": "^25.1.0",
						"pretty-format": "^25.1.0"
					}
				},
				"jest-get-type": {
					"version": "25.1.0",
					"resolved": "https://registry.npmjs.org/jest-get-type/-/jest-get-type-25.1.0.tgz",
					"integrity": "sha512-yWkBnT+5tMr8ANB6V+OjmrIJufHtCAqI5ic2H40v+tRqxDmE0PGnIiTyvRWFOMtmVHYpwRqyazDbTnhpjsGvLw==",
					"dev": true
				},
				"pretty-format": {
					"version": "25.1.0",
					"resolved": "https://registry.npmjs.org/pretty-format/-/pretty-format-25.1.0.tgz",
					"integrity": "sha512-46zLRSGLd02Rp+Lhad9zzuNZ+swunitn8zIpfD2B4OPCRLXbM87RJT2aBLBWYOznNUML/2l/ReMyWNC80PJBUQ==",
					"dev": true,
					"requires": {
						"@jest/types": "^25.1.0",
						"ansi-regex": "^5.0.0",
						"ansi-styles": "^4.0.0",
						"react-is": "^16.12.0"
					}
				},
				"react-is": {
					"version": "16.13.0",
					"resolved": "https://registry.npmjs.org/react-is/-/react-is-16.13.0.tgz",
					"integrity": "sha512-GFMtL0vHkiBv9HluwNZTggSn/sCyEt9n02aM0dSAjGGyqyNlAyftYm4phPxdvCigG15JreC5biwxCgTAJZ7yAA==",
					"dev": true
				},
				"supports-color": {
					"version": "7.1.0",
					"resolved": "https://registry.npmjs.org/supports-color/-/supports-color-7.1.0.tgz",
					"integrity": "sha512-oRSIpR8pxT1Wr2FquTNnGet79b3BWljqOuoW/h4oBhxJ/HUbX5nX6JSruTkvXDCFMwDPvsaTTbvMLKZWSy0R5g==",
					"dev": true,
					"requires": {
						"has-flag": "^4.0.0"
					}
				}
			}
		},
		"ts-jest": {
			"version": "25.2.1",
			"resolved": "https://registry.npmjs.org/ts-jest/-/ts-jest-25.2.1.tgz",
			"integrity": "sha512-TnntkEEjuXq/Gxpw7xToarmHbAafgCaAzOpnajnFC6jI7oo1trMzAHA04eWpc3MhV6+yvhE8uUBAmN+teRJh0A==",
			"dev": true,
			"requires": {
				"bs-logger": "0.x",
				"buffer-from": "1.x",
				"fast-json-stable-stringify": "2.x",
				"json5": "2.x",
				"lodash.memoize": "4.x",
				"make-error": "1.x",
				"mkdirp": "0.x",
				"resolve": "1.x",
				"semver": "^5.5",
				"yargs-parser": "^16.1.0"
			},
			"dependencies": {
				"bs-logger": {
					"version": "0.2.6",
					"resolved": "https://registry.npmjs.org/bs-logger/-/bs-logger-0.2.6.tgz",
					"integrity": "sha512-pd8DCoxmbgc7hyPKOvxtqNcjYoOsABPQdcCUjGp3d42VR2CX1ORhk2A87oqqu5R1kk+76nsxZupkmyd+MVtCog==",
					"dev": true,
					"requires": {
						"fast-json-stable-stringify": "2.x"
					}
				},
				"buffer-from": {
					"version": "1.1.1",
					"resolved": "https://registry.npmjs.org/buffer-from/-/buffer-from-1.1.1.tgz",
					"integrity": "sha512-MQcXEUbCKtEo7bhqEs6560Hyd4XaovZlO/k9V3hjVUF/zwW7KBVdSK4gIt/bzwS9MbR5qob+F5jusZsb0YQK2A==",
					"dev": true
				},
				"camelcase": {
					"version": "5.3.1",
					"resolved": "https://registry.npmjs.org/camelcase/-/camelcase-5.3.1.tgz",
					"integrity": "sha512-L28STB170nwWS63UjtlEOE3dldQApaJXZkOI1uMFfzf3rRuPegHaHesyee+YxQ+W6SvRDQV6UrdOdRiR153wJg==",
					"dev": true
				},
				"decamelize": {
					"version": "1.2.0",
					"resolved": "https://registry.npmjs.org/decamelize/-/decamelize-1.2.0.tgz",
					"integrity": "sha1-9lNNFRSCabIDUue+4m9QH5oZEpA=",
					"dev": true
				},
				"fast-json-stable-stringify": {
					"version": "2.1.0",
					"resolved": "https://registry.npmjs.org/fast-json-stable-stringify/-/fast-json-stable-stringify-2.1.0.tgz",
					"integrity": "sha512-lhd/wF+Lk98HZoTCtlVraHtfh5XYijIjalXck7saUtuanSDyLMxnHhSXEDJqHxD7msR8D0uCmqlkwjCV8xvwHw==",
					"dev": true
				},
				"json5": {
					"version": "2.1.1",
					"resolved": "https://registry.npmjs.org/json5/-/json5-2.1.1.tgz",
					"integrity": "sha512-l+3HXD0GEI3huGq1njuqtzYK8OYJyXMkOLtQ53pjWh89tvWS2h6l+1zMkYWqlb57+SiQodKZyvMEFb2X+KrFhQ==",
					"dev": true,
					"requires": {
						"minimist": "^1.2.0"
					}
				},
				"lodash.memoize": {
					"version": "4.1.2",
					"resolved": "https://registry.npmjs.org/lodash.memoize/-/lodash.memoize-4.1.2.tgz",
					"integrity": "sha1-vMbEmkKihA7Zl/Mj6tpezRguC/4=",
					"dev": true
				},
				"make-error": {
					"version": "1.3.6",
					"resolved": "https://registry.npmjs.org/make-error/-/make-error-1.3.6.tgz",
					"integrity": "sha512-s8UhlNe7vPKomQhC1qFelMokr/Sc3AgNbso3n74mVPA5LTZwkB9NlXf4XPamLxJE8h0gh73rM94xvwRT2CVInw==",
					"dev": true
				},
				"minimist": {
					"version": "1.2.0",
					"resolved": "https://registry.npmjs.org/minimist/-/minimist-1.2.0.tgz",
					"integrity": "sha1-o1AIsg9BOD7sH7kU9M1d95omQoQ=",
					"dev": true
				},
				"mkdirp": {
					"version": "0.5.1",
					"resolved": "https://registry.npmjs.org/mkdirp/-/mkdirp-0.5.1.tgz",
					"integrity": "sha1-MAV0OOrGz3+MR2fzhkjWaX11yQM=",
					"dev": true,
					"requires": {
						"minimist": "0.0.8"
					},
					"dependencies": {
						"minimist": {
							"version": "0.0.8",
							"resolved": "https://registry.npmjs.org/minimist/-/minimist-0.0.8.tgz",
							"integrity": "sha1-hX/Kv8M5fSYluCKCYuhqp6ARsF0=",
							"dev": true
						}
					}
				},
				"path-parse": {
					"version": "1.0.6",
					"resolved": "https://registry.npmjs.org/path-parse/-/path-parse-1.0.6.tgz",
					"integrity": "sha512-GSmOT2EbHrINBf9SR7CDELwlJ8AENk3Qn7OikK4nFYAu3Ote2+JYNVvkpAEQm3/TLNEJFD/xZJjzyxg3KBWOzw==",
					"dev": true
				},
				"resolve": {
					"version": "1.15.1",
					"resolved": "https://registry.npmjs.org/resolve/-/resolve-1.15.1.tgz",
					"integrity": "sha512-84oo6ZTtoTUpjgNEr5SJyzQhzL72gaRodsSfyxC/AXRvwu0Yse9H8eF9IpGo7b8YetZhlI6v7ZQ6bKBFV/6S7w==",
					"dev": true,
					"requires": {
						"path-parse": "^1.0.6"
					}
				},
				"semver": {
					"version": "5.7.1",
					"resolved": "https://registry.npmjs.org/semver/-/semver-5.7.1.tgz",
					"integrity": "sha512-sauaDf/PZdVgrLTNYHRtpXa1iRiKcaebiKQ1BJdpQlWH2lCvexQdX55snPFyK7QzpudqbCI0qXFfOasHdyNDGQ==",
					"dev": true
				},
				"yargs-parser": {
					"version": "16.1.0",
					"resolved": "https://registry.npmjs.org/yargs-parser/-/yargs-parser-16.1.0.tgz",
					"integrity": "sha512-H/V41UNZQPkUMIT5h5hiwg4QKIY1RPvoBV4XcjUbRM8Bk2oKqqyZ0DIEbTFZB0XjbtSPG8SAa/0DxCQmiRgzKg==",
					"dev": true,
					"requires": {
						"camelcase": "^5.0.0",
						"decamelize": "^1.2.0"
					}
				}
			}
		}
	}
}
